
Microsoft Visual Studio Solution File, Format Version 12.00
# Visual Studio 14
VisualStudioVersion = 14.0.25420.1
MinimumVisualStudioVersion = 10.0.40219.1
Project("{FAE04EC0-301F-11D3-BF4B-00C04F79EFBC}") = "temperatures", "Temperatures\temperatures.csproj", "{99FECC15-19A0-46A9-9754-0BC302B6E252}"
EndProject
Project("{FAE04EC0-301F-11D3-BF4B-00C04F79EFBC}") = "power-of-thor-episode-1", "power-of-thor-episode-1\power-of-thor-episode-1.csproj", "{3E027779-7336-43BD-A270-075BD3ED74F8}"
EndProject
Project("{FAE04EC0-301F-11D3-BF4B-00C04F79EFBC}") = "ascii-art", "ascii-art\ascii-art.csproj", "{9A594D17-A2F4-4DCB-B31C-9FA67528AD04}"
EndProject
Project("{FAE04EC0-301F-11D3-BF4B-00C04F79EFBC}") = "the-descent", "the-descent\the-descent.csproj", "{4BC583AF-8D29-47C1-915B-C88BC41ED84E}"
EndProject
Project("{FAE04EC0-301F-11D3-BF4B-00C04F79EFBC}") = "mars-lander-episode-1", "mars-lander-episode-1\mars-lander-episode-1.csproj", "{85E390BF-EE20-439F-AE06-F9779DB16A49}"
EndProject
Project("{FAE04EC0-301F-11D3-BF4B-00C04F79EFBC}") = "defibrillators", "defibrillators\defibrillators.csproj", "{0917E3AC-2312-47BB-B168-D2003E07C3E4}"
EndProject
Project("{FAE04EC0-301F-11D3-BF4B-00C04F79EFBC}") = "chuck-norris", "chuck-norris\chuck-norris.csproj", "{590E0E3B-7DCE-4DA6-9FF6-7B83F1964AFC}"
EndProject
Project("{2150E333-8FDC-42A3-9474-1A3956D46DE8}") = "Puzzle-easy", "Puzzle-easy", "{B7764905-4BF9-44AB-ABF7-4BF4EDE0AC65}"
EndProject
Project("{FAE04EC0-301F-11D3-BF4B-00C04F79EFBC}") = "mime-type", "mime-type\mime-type.csproj", "{C39FC6AC-BCB9-419F-BFAE-00441D61C625}"
EndProject
Project("{FAE04EC0-301F-11D3-BF4B-00C04F79EFBC}") = "horse-racing-duals", "horse-racing-duals\horse-racing-duals.csproj", "{2C0AB699-DE31-46D8-8D6B-15E3ACF1A40E}"
EndProject
Project("{2150E333-8FDC-42A3-9474-1A3956D46DE8}") = "Puzzle-medium", "Puzzle-medium", "{CEE95913-0E36-4C85-B2EC-9CEB44F361EF}"
EndProject
Project("{FAE04EC0-301F-11D3-BF4B-00C04F79EFBC}") = "there-is-no-spoon-episode-1", "there-is-no-spoon-episode-1\there-is-no-spoon-episode-1.csproj", "{3AFC309F-6D38-4C1E-B812-011E2D996A60}"
EndProject
Project("{FAE04EC0-301F-11D3-BF4B-00C04F79EFBC}") = "bender-episode-1", "bender-episode-1\bender-episode-1.csproj", "{0A1A574F-F046-4DA3-AEAE-0AD779C3AFDD}"
EndProject
Project("{FAE04EC0-301F-11D3-BF4B-00C04F79EFBC}") = "skynet-revolution-episode-1", "skynet-revolution-episode-1\skynet-revolution-episode-1.csproj", "{2BBB2BA5-FAFA-4DC3-AFF6-2C74621F7959}"
EndProject
Project("{FAE04EC0-301F-11D3-BF4B-00C04F79EFBC}") = "don't-panic-episode-1", "don't-panic-episode-1\don't-panic-episode-1.csproj", "{1ACAC4FF-C887-4225-A7D5-D36983BB8F95}"
EndProject
Global
	GlobalSection(SolutionConfigurationPlatforms) = preSolution
		Debug|Any CPU = Debug|Any CPU
		Release|Any CPU = Release|Any CPU
	EndGlobalSection
	GlobalSection(ProjectConfigurationPlatforms) = postSolution
		{99FECC15-19A0-46A9-9754-0BC302B6E252}.Debug|Any CPU.ActiveCfg = Debug|Any CPU
		{99FECC15-19A0-46A9-9754-0BC302B6E252}.Debug|Any CPU.Build.0 = Debug|Any CPU
		{99FECC15-19A0-46A9-9754-0BC302B6E252}.Release|Any CPU.ActiveCfg = Release|Any CPU
		{99FECC15-19A0-46A9-9754-0BC302B6E252}.Release|Any CPU.Build.0 = Release|Any CPU
		{3E027779-7336-43BD-A270-075BD3ED74F8}.Debug|Any CPU.ActiveCfg = Debug|Any CPU
		{3E027779-7336-43BD-A270-075BD3ED74F8}.Debug|Any CPU.Build.0 = Debug|Any CPU
		{3E027779-7336-43BD-A270-075BD3ED74F8}.Release|Any CPU.ActiveCfg = Release|Any CPU
		{3E027779-7336-43BD-A270-075BD3ED74F8}.Release|Any CPU.Build.0 = Release|Any CPU
		{9A594D17-A2F4-4DCB-B31C-9FA67528AD04}.Debug|Any CPU.ActiveCfg = Debug|Any CPU
		{9A594D17-A2F4-4DCB-B31C-9FA67528AD04}.Debug|Any CPU.Build.0 = Debug|Any CPU
		{9A594D17-A2F4-4DCB-B31C-9FA67528AD04}.Release|Any CPU.ActiveCfg = Release|Any CPU
		{9A594D17-A2F4-4DCB-B31C-9FA67528AD04}.Release|Any CPU.Build.0 = Release|Any CPU
		{4BC583AF-8D29-47C1-915B-C88BC41ED84E}.Debug|Any CPU.ActiveCfg = Debug|Any CPU
		{4BC583AF-8D29-47C1-915B-C88BC41ED84E}.Debug|Any CPU.Build.0 = Debug|Any CPU
		{4BC583AF-8D29-47C1-915B-C88BC41ED84E}.Release|Any CPU.ActiveCfg = Release|Any CPU
		{4BC583AF-8D29-47C1-915B-C88BC41ED84E}.Release|Any CPU.Build.0 = Release|Any CPU
		{85E390BF-EE20-439F-AE06-F9779DB16A49}.Debug|Any CPU.ActiveCfg = Debug|Any CPU
		{85E390BF-EE20-439F-AE06-F9779DB16A49}.Debug|Any CPU.Build.0 = Debug|Any CPU
		{85E390BF-EE20-439F-AE06-F9779DB16A49}.Release|Any CPU.ActiveCfg = Release|Any CPU
		{85E390BF-EE20-439F-AE06-F9779DB16A49}.Release|Any CPU.Build.0 = Release|Any CPU
		{0917E3AC-2312-47BB-B168-D2003E07C3E4}.Debug|Any CPU.ActiveCfg = Debug|Any CPU
		{0917E3AC-2312-47BB-B168-D2003E07C3E4}.Debug|Any CPU.Build.0 = Debug|Any CPU
		{0917E3AC-2312-47BB-B168-D2003E07C3E4}.Release|Any CPU.ActiveCfg = Release|Any CPU
		{0917E3AC-2312-47BB-B168-D2003E07C3E4}.Release|Any CPU.Build.0 = Release|Any CPU
		{590E0E3B-7DCE-4DA6-9FF6-7B83F1964AFC}.Debug|Any CPU.ActiveCfg = Debug|Any CPU
		{590E0E3B-7DCE-4DA6-9FF6-7B83F1964AFC}.Debug|Any CPU.Build.0 = Debug|Any CPU
		{590E0E3B-7DCE-4DA6-9FF6-7B83F1964AFC}.Release|Any CPU.ActiveCfg = Release|Any CPU
		{590E0E3B-7DCE-4DA6-9FF6-7B83F1964AFC}.Release|Any CPU.Build.0 = Release|Any CPU
		{C39FC6AC-BCB9-419F-BFAE-00441D61C625}.Debug|Any CPU.ActiveCfg = Debug|Any CPU
		{C39FC6AC-BCB9-419F-BFAE-00441D61C625}.Debug|Any CPU.Build.0 = Debug|Any CPU
		{C39FC6AC-BCB9-419F-BFAE-00441D61C625}.Release|Any CPU.ActiveCfg = Release|Any CPU
		{C39FC6AC-BCB9-419F-BFAE-00441D61C625}.Release|Any CPU.Build.0 = Release|Any CPU
		{2C0AB699-DE31-46D8-8D6B-15E3ACF1A40E}.Debug|Any CPU.ActiveCfg = Debug|Any CPU
		{2C0AB699-DE31-46D8-8D6B-15E3ACF1A40E}.Debug|Any CPU.Build.0 = Debug|Any CPU
		{2C0AB699-DE31-46D8-8D6B-15E3ACF1A40E}.Release|Any CPU.ActiveCfg = Release|Any CPU
		{2C0AB699-DE31-46D8-8D6B-15E3ACF1A40E}.Release|Any CPU.Build.0 = Release|Any CPU
		{3AFC309F-6D38-4C1E-B812-011E2D996A60}.Debug|Any CPU.ActiveCfg = Debug|Any CPU
		{3AFC309F-6D38-4C1E-B812-011E2D996A60}.Debug|Any CPU.Build.0 = Debug|Any CPU
		{3AFC309F-6D38-4C1E-B812-011E2D996A60}.Release|Any CPU.ActiveCfg = Release|Any CPU
		{3AFC309F-6D38-4C1E-B812-011E2D996A60}.Release|Any CPU.Build.0 = Release|Any CPU
		{0A1A574F-F046-4DA3-AEAE-0AD779C3AFDD}.Debug|Any CPU.ActiveCfg = Debug|Any CPU
		{0A1A574F-F046-4DA3-AEAE-0AD779C3AFDD}.Debug|Any CPU.Build.0 = Debug|Any CPU
		{0A1A574F-F046-4DA3-AEAE-0AD779C3AFDD}.Release|Any CPU.ActiveCfg = Release|Any CPU
		{0A1A574F-F046-4DA3-AEAE-0AD779C3AFDD}.Release|Any CPU.Build.0 = Release|Any CPU
		{2BBB2BA5-FAFA-4DC3-AFF6-2C74621F7959}.Debug|Any CPU.ActiveCfg = Debug|Any CPU
		{2BBB2BA5-FAFA-4DC3-AFF6-2C74621F7959}.Debug|Any CPU.Build.0 = Debug|Any CPU
		{2BBB2BA5-FAFA-4DC3-AFF6-2C74621F7959}.Release|Any CPU.ActiveCfg = Release|Any CPU
		{2BBB2BA5-FAFA-4DC3-AFF6-2C74621F7959}.Release|Any CPU.Build.0 = Release|Any CPU
		{1ACAC4FF-C887-4225-A7D5-D36983BB8F95}.Debug|Any CPU.ActiveCfg = Debug|Any CPU
		{1ACAC4FF-C887-4225-A7D5-D36983BB8F95}.Debug|Any CPU.Build.0 = Debug|Any CPU
		{1ACAC4FF-C887-4225-A7D5-D36983BB8F95}.Release|Any CPU.ActiveCfg = Release|Any CPU
		{1ACAC4FF-C887-4225-A7D5-D36983BB8F95}.Release|Any CPU.Build.0 = Release|Any CPU
	EndGlobalSection
	GlobalSection(SolutionProperties) = preSolution
		HideSolutionNode = FALSE
	EndGlobalSection
	GlobalSection(NestedProjects) = preSolution
		{99FECC15-19A0-46A9-9754-0BC302B6E252} = {B7764905-4BF9-44AB-ABF7-4BF4EDE0AC65}
		{3E027779-7336-43BD-A270-075BD3ED74F8} = {B7764905-4BF9-44AB-ABF7-4BF4EDE0AC65}
		{9A594D17-A2F4-4DCB-B31C-9FA67528AD04} = {B7764905-4BF9-44AB-ABF7-4BF4EDE0AC65}
		{4BC583AF-8D29-47C1-915B-C88BC41ED84E} = {B7764905-4BF9-44AB-ABF7-4BF4EDE0AC65}
		{85E390BF-EE20-439F-AE06-F9779DB16A49} = {B7764905-4BF9-44AB-ABF7-4BF4EDE0AC65}
		{0917E3AC-2312-47BB-B168-D2003E07C3E4} = {B7764905-4BF9-44AB-ABF7-4BF4EDE0AC65}
		{590E0E3B-7DCE-4DA6-9FF6-7B83F1964AFC} = {B7764905-4BF9-44AB-ABF7-4BF4EDE0AC65}
		{C39FC6AC-BCB9-419F-BFAE-00441D61C625} = {B7764905-4BF9-44AB-ABF7-4BF4EDE0AC65}
		{2C0AB699-DE31-46D8-8D6B-15E3ACF1A40E} = {B7764905-4BF9-44AB-ABF7-4BF4EDE0AC65}
		{3AFC309F-6D38-4C1E-B812-011E2D996A60} = {CEE95913-0E36-4C85-B2EC-9CEB44F361EF}
		{0A1A574F-F046-4DA3-AEAE-0AD779C3AFDD} = {CEE95913-0E36-4C85-B2EC-9CEB44F361EF}
		{2BBB2BA5-FAFA-4DC3-AFF6-2C74621F7959} = {CEE95913-0E36-4C85-B2EC-9CEB44F361EF}
		{1ACAC4FF-C887-4225-A7D5-D36983BB8F95} = {CEE95913-0E36-4C85-B2EC-9CEB44F361EF}
	EndGlobalSection
EndGlobal
